
Microsoft Visual Studio Solution File, Format Version 12.00
# Visual Studio Version 17
VisualStudioVersion = 17.0.31903.59
MinimumVisualStudioVersion = 10.0.40219.1
Project("{FAE04EC0-301F-11D3-BF4B-00C04F79EFBC}") = "Account.API", "Account.API\Account.API.csproj", "{4F72CEF4-944B-488C-B537-87B76BD89462}"
EndProject
Project("{FAE04EC0-301F-11D3-BF4B-00C04F79EFBC}") = "Account.Application", "Account.Application\Account.Application.csproj", "{D3F09A9A-5AE7-481A-8F9C-865BF7E438D9}"
EndProject
Project("{FAE04EC0-301F-11D3-BF4B-00C04F79EFBC}") = "Account.Domain", "Account.Domain\Account.Domain.csproj", "{AE793A95-A04A-45B5-9A3D-2565F8285903}"
EndProject
Project("{FAE04EC0-301F-11D3-BF4B-00C04F79EFBC}") = "Account.Infrastructure", "Account.Infrastructure\Account.Infrastructure.csproj", "{65B97D46-C473-4C02-962F-78EA423FD5A3}"
EndProject
Project("{FAE04EC0-301F-11D3-BF4B-00C04F79EFBC}") = "Account.UnitTests", "Account.UnitTests\Account.UnitTests.csproj", "{C04E5341-F7E5-49A1-BBFF-04039E28DDCD}"
EndProject
Global
	GlobalSection(SolutionConfigurationPlatforms) = preSolution
		Debug|Any CPU = Debug|Any CPU
		Release|Any CPU = Release|Any CPU
	EndGlobalSection
	GlobalSection(SolutionProperties) = preSolution
		HideSolutionNode = FALSE
	EndGlobalSection
	GlobalSection(ProjectConfigurationPlatforms) = postSolution
		{4F72CEF4-944B-488C-B537-87B76BD89462}.Debug|Any CPU.ActiveCfg = Debug|Any CPU
		{4F72CEF4-944B-488C-B537-87B76BD89462}.Debug|Any CPU.Build.0 = Debug|Any CPU
		{4F72CEF4-944B-488C-B537-87B76BD89462}.Release|Any CPU.ActiveCfg = Release|Any CPU
		{4F72CEF4-944B-488C-B537-87B76BD89462}.Release|Any CPU.Build.0 = Release|Any CPU
		{D3F09A9A-5AE7-481A-8F9C-865BF7E438D9}.Debug|Any CPU.ActiveCfg = Debug|Any CPU
		{D3F09A9A-5AE7-481A-8F9C-865BF7E438D9}.Debug|Any CPU.Build.0 = Debug|Any CPU
		{D3F09A9A-5AE7-481A-8F9C-865BF7E438D9}.Release|Any CPU.ActiveCfg = Release|Any CPU
		{D3F09A9A-5AE7-481A-8F9C-865BF7E438D9}.Release|Any CPU.Build.0 = Release|Any CPU
		{AE793A95-A04A-45B5-9A3D-2565F8285903}.Debug|Any CPU.ActiveCfg = Debug|Any CPU
		{AE793A95-A04A-45B5-9A3D-2565F8285903}.Debug|Any CPU.Build.0 = Debug|Any CPU
		{AE793A95-A04A-45B5-9A3D-2565F8285903}.Release|Any CPU.ActiveCfg = Release|Any CPU
		{AE793A95-A04A-45B5-9A3D-2565F8285903}.Release|Any CPU.Build.0 = Release|Any CPU
		{65B97D46-C473-4C02-962F-78EA423FD5A3}.Debug|Any CPU.ActiveCfg = Debug|Any CPU
		{65B97D46-C473-4C02-962F-78EA423FD5A3}.Debug|Any CPU.Build.0 = Debug|Any CPU
		{65B97D46-C473-4C02-962F-78EA423FD5A3}.Release|Any CPU.ActiveCfg = Release|Any CPU
		{65B97D46-C473-4C02-962F-78EA423FD5A3}.Release|Any CPU.Build.0 = Release|Any CPU
		{C04E5341-F7E5-49A1-BBFF-04039E28DDCD}.Debug|Any CPU.ActiveCfg = Debug|Any CPU
		{C04E5341-F7E5-49A1-BBFF-04039E28DDCD}.Debug|Any CPU.Build.0 = Debug|Any CPU
		{C04E5341-F7E5-49A1-BBFF-04039E28DDCD}.Release|Any CPU.ActiveCfg = Release|Any CPU
		{C04E5341-F7E5-49A1-BBFF-04039E28DDCD}.Release|Any CPU.Build.0 = Release|Any CPU
	EndGlobalSection
EndGlobal
